hash: 31b3e1b143353b780e67849803da532c947a6648404a47fd639f032a8dbf813f
updated: 2017-04-22T09:54:44.695617963-03:00
imports:
- name: github.com/julienschmidt/httprouter
  version: 8c199fb6259ffc1af525cc3ad52ee60ba8359669
- name: github.com/pkg/errors
  version: 645ef00459ed84a119197bfb8d8205042c6df63d
- name: go.uber.org/zap
  version: 1550bc05539134bbf8612a35f34a79ab8bf34ee3
- name: gopkg.in/urfave/cli.v1
  version: 0bdeddeeb0f650497d603c4ad7b20cfe685682f6
testImports: []
